
Microsoft Visual Studio Solution File, Format Version 12.00
# Blend for Visual Studio 15
VisualStudioVersion = 15.0.36324.19
MinimumVisualStudioVersion = 10.0.40219.1
Project("{FAE04EC0-301F-11D3-BF4B-00C04F79EFBC}") = "Doancanhan", "Doancanhan\Doancanhan.csproj", "{221DE9FC-4E68-48F5-A62E-900E2FA26B0C}"
EndProject
Global
	GlobalSection(SolutionConfigurationPlatforms) = preSolution
		Debug|Any CPU = Debug|Any CPU
		Release|Any CPU = Release|Any CPU
	EndGlobalSection
	GlobalSection(ProjectConfigurationPlatforms) = postSolution
		{221DE9FC-4E68-48F5-A62E-900E2FA26B0C}.Debug|Any CPU.ActiveCfg = Debug|Any CPU
		{221DE9FC-4E68-48F5-A62E-900E2FA26B0C}.Debug|Any CPU.Build.0 = Debug|Any CPU
		{221DE9FC-4E68-48F5-A62E-900E2FA26B0C}.Release|Any CPU.ActiveCfg = Release|Any CPU
		{221DE9FC-4E68-48F5-A62E-900E2FA26B0C}.Release|Any CPU.Build.0 = Release|Any CPU
	EndGlobalSection
	GlobalSection(SolutionProperties) = preSolution
		HideSolutionNode = FALSE
	EndGlobalSection
	GlobalSection(ExtensibilityGlobals) = postSolution
		SolutionGuid = {238D7599-E9C2-41EA-849B-57689649E407}
	EndGlobalSection
EndGlobal
